<?xml version="1.0" encoding="utf-8"?>
<Project ToolsVersion="4.0" xmlns="http://schemas.microsoft.com/developer/msbuild/2003">
  <ItemGroup>
    <Filter Include="Source Files">
      <UniqueIdentifier>{4FC737F1-C7A5-4376-A066-2A32D752A2FF}</UniqueIdentifier>
      <Extensions>cpp;c;cc;cxx;def;odl;idl;hpj;bat;asm;asmx</Extensions>
    </Filter>
    <Filter Include="Header Files">
      <UniqueIdentifier>{93995380-89BD-4b04-88EB-625FBE52EBFB}</UniqueIdentifier>
      <Extensions>h;hh;hpp;hxx;hm;inl;inc;xsd</Extensions>
    </Filter>
    <Filter Include="Resource Files">
      <UniqueIdentifier>{67DA6AB6-F800-4c08-8B7A-83BB121AAD01}</UniqueIdentifier>
      <Extensions>rc;ico;cur;bmp;dlg;rc2;rct;bin;rgs;gif;jpg;jpeg;jpe;resx;tiff;tif;png;wav</Extensions>
    </Filter>
  </ItemGroup>
  <ItemGroup>
    <ClCompile Include="game\GardenScene.cpp">
      <Filter>Source Files</Filter>
    </ClCompile>
    <ClCompile Include="game\main.cpp">
      <Filter>Source Files</Filter>
    </ClCompile>
    <ClCompile Include="polyengine\Window.cpp">
      <Filter>Source Files</Filter>
    </ClCompile>
    <ClCompile Include="polyengine\opengl\AbstractBuffer.cpp">
      <Filter>Source Files</Filter>
    </ClCompile>
    <ClCompile Include="polyengine\opengl\FrameBuffer.cpp">
      <Filter>Source Files</Filter>
    </ClCompile>
    <ClCompile Include="polyengine\opengl\GBuffer.cpp">
      <Filter>Source Files</Filter>
    </ClCompile>
    <ClCompile Include="polyengine\opengl\OpenGLObject.cpp">
      <Filter>Source Files</Filter>
    </ClCompile>
    <ClCompile Include="polyengine\opengl\OpenGLShadowCaster.cpp">
      <Filter>Source Files</Filter>
    </ClCompile>
    <ClCompile Include="polyengine\opengl\OpenGLTexture.cpp">
      <Filter>Source Files</Filter>
    </ClCompile>
    <ClCompile Include="polyengine\opengl\OpenGLVideoController.cpp">
      <Filter>Source Files</Filter>
    </ClCompile>
    <ClCompile Include="polyengine\opengl\PointShadowBuffer.cpp">
      <Filter>Source Files</Filter>
    </ClCompile>
    <ClCompile Include="polyengine\opengl\ShaderLoader.cpp">
      <Filter>Source Files</Filter>
    </ClCompile>
    <ClCompile Include="polyengine\opengl\ShaderProgram.cpp">
      <Filter>Source Files</Filter>
    </ClCompile>
    <ClCompile Include="polyengine\subsystem\AbstractLoader.cpp">
      <Filter>Source Files</Filter>
    </ClCompile>
    <ClCompile Include="polyengine\subsystem\AbstractScene.cpp">
      <Filter>Source Files</Filter>
    </ClCompile>
    <ClCompile Include="polyengine\subsystem\AbstractVideoController.cpp">
      <Filter>Source Files</Filter>
    </ClCompile>
    <ClCompile Include="polyengine\subsystem\FileLoader.cpp">
      <Filter>Source Files</Filter>
    </ClCompile>
    <ClCompile Include="polyengine\subsystem\Geometry.cpp">
      <Filter>Source Files</Filter>
    </ClCompile>
    <ClCompile Include="polyengine\subsystem\InputSystem.cpp">
      <Filter>Source Files</Filter>
    </ClCompile>
    <ClCompile Include="polyengine\subsystem\Math.cpp">
      <Filter>Source Files</Filter>
    </ClCompile>
    <ClCompile Include="polyengine\subsystem\ObjLoader.cpp">
      <Filter>Source Files</Filter>
    </ClCompile>
    <ClCompile Include="polyengine\subsystem\RNG.cpp">
      <Filter>Source Files</Filter>
    </ClCompile>
    <ClCompile Include="polyengine\subsystem\Stage.cpp">
      <Filter>Source Files</Filter>
    </ClCompile>
    <ClCompile Include="polyengine\subsystem\Texture.cpp">
      <Filter>Source Files</Filter>
    </ClCompile>
    <ClCompile Include="game\Easing.cpp">
      <Filter>Source Files</Filter>
    </ClCompile>
    <ClCompile Include="polyengine\opengl\OpenGLDebugger.cpp">
      <Filter>Source Files</Filter>
    </ClCompile>
    <ClCompile Include="polyengine\opengl\OpenGLScreenQuad.cpp">
      <Filter>Source Files</Filter>
    </ClCompile>
    <ClCompile Include="polyengine\subsystem\entities\Camera.cpp">
      <Filter>Source Files</Filter>
    </ClCompile>
    <ClCompile Include="polyengine\subsystem\entities\Cube.cpp">
      <Filter>Source Files</Filter>
    </ClCompile>
    <ClCompile Include="polyengine\subsystem\entities\Entity.cpp">
      <Filter>Source Files</Filter>
    </ClCompile>
    <ClCompile Include="polyengine\subsystem\entities\Light.cpp">
      <Filter>Source Files</Filter>
    </ClCompile>
    <ClCompile Include="polyengine\subsystem\entities\Mesh.cpp">
      <Filter>Source Files</Filter>
    </ClCompile>
    <ClCompile Include="polyengine\subsystem\entities\Object.cpp">
      <Filter>Source Files</Filter>
    </ClCompile>
    <ClCompile Include="polyengine\subsystem\entities\Skybox.cpp">
      <Filter>Source Files</Filter>
    </ClCompile>
    <ClCompile Include="polyengine\subsystem\entities\Plane.cpp">
      <Filter>Source Files</Filter>
    </ClCompile>
    <ClCompile Include="polyengine\subsystem\AbstractGameController.cpp">
      <Filter>Source Files</Filter>
    </ClCompile>
    <ClCompile Include="game\GameController.cpp">
      <Filter>Source Files</Filter>
    </ClCompile>
    <ClCompile Include="polyengine\subsystem\entities\Actor.cpp">
      <Filter>Source Files</Filter>
    </ClCompile>
    <ClCompile Include="polyengine\subsystem\traits\LifeCycle.cpp">
      <Filter>Source Files</Filter>
    </ClCompile>
    <ClCompile Include="game\actors\GrassField.cpp">
      <Filter>Source Files</Filter>
    </ClCompile>
    <ClCompile Include="game\HeightMap.cpp">
      <Filter>Source Files</Filter>
    </ClCompile>
    <ClCompile Include="game\actors\Background.cpp">
      <Filter>Source Files</Filter>
    </ClCompile>
    <ClCompile Include="game\actors\ProximalShadowLight.cpp">
      <Filter>Source Files</Filter>
    </ClCompile>
    <ClCompile Include="polyengine\subsystem\entities\Instance.cpp">
      <Filter>Source Files</Filter>
    </ClCompile>
    <ClCompile Include="polyengine\subsystem\entities\ReferenceMesh.cpp">
      <Filter>Source Files</Filter>
    </ClCompile>
    <ClCompile Include="game\actors\VisibleObjectFilter.cpp">
      <Filter>Source Files</Filter>
    </ClCompile>
    <ClCompile Include="polyengine\opengl\OpenGLIlluminator.cpp">
      <Filter>Source Files</Filter>
    </ClCompile>
    <ClCompile Include="polyengine\opengl\OpenGLLightingQuad.cpp">
      <Filter>Source Files</Filter>
    </ClCompile>
    <ClCompile Include="polyengine\opengl\OpenGLPreShader.cpp">
      <Filter>Source Files</Filter>
    </ClCompile>
    <ClCompile Include="game\actors\Wall.cpp">
      <Filter>Source Files</Filter>
    </ClCompile>
    <ClCompile Include="polyengine\opengl\AbstractOpenGLPostShader.cpp">
      <Filter>Source Files</Filter>
    </ClCompile>
    <ClCompile Include="polyengine\opengl\post-fx\AntiAliasingShader.cpp">
      <Filter>Source Files</Filter>
    </ClCompile>
    <ClCompile Include="polyengine\opengl\post-fx\ChromaticAberrationShader.cpp">
      <Filter>Source Files</Filter>
    </ClCompile>
    <ClCompile Include="polyengine\opengl\post-fx\DofShader.cpp">
      <Filter>Source Files</Filter>
    </ClCompile>
    <ClCompile Include="polyengine\opengl\OpenGLPostShaderPipeline.cpp">
      <Filter>Source Files</Filter>
    </ClCompile>
    <ClCompile Include="polyengine\opengl\ShadowBuffer.cpp">
      <Filter>Source Files</Filter>
    </ClCompile>
    <ClCompile Include="polyengine\opengl\post-fx\BloomShader.cpp">
      <Filter>Source Files</Filter>
    </ClCompile>
    <ClCompile Include="game\actors\Boundary.cpp">
      <Filter>Source Files</Filter>
    </ClCompile>
    <ClCompile Include="polyengine\subsystem\traits\Scalable.cpp">
      <Filter>Source Files</Filter>
    </ClCompile>
    <ClCompile Include="polyengine\subsystem\PerformanceProfiler.cpp">
      <Filter>Source Files</Filter>
    </ClCompile>
  </ItemGroup>
  <ItemGroup>
    <ClInclude Include="external\glew\include\eglew.h">
      <Filter>Header Files</Filter>
    </ClInclude>
    <ClInclude Include="external\glew\include\glew.h">
      <Filter>Header Files</Filter>
    </ClInclude>
    <ClInclude Include="external\glew\include\glxew.h">
      <Filter>Header Files</Filter>
    </ClInclude>
    <ClInclude Include="external\glew\include\wglew.h">
      <Filter>Header Files</Filter>
    </ClInclude>
    <ClInclude Include="external\glut\include\glut.h">
      <Filter>Header Files</Filter>
    </ClInclude>
    <ClInclude Include="external\sdl2\include\begin_code.h">
      <Filter>Header Files</Filter>
    </ClInclude>
    <ClInclude Include="external\sdl2\include\close_code.h">
      <Filter>Header Files</Filter>
    </ClInclude>
    <ClInclude Include="external\sdl2\include\SDL.h">
      <Filter>Header Files</Filter>
    </ClInclude>
    <ClInclude Include="external\sdl2\include\SDL_assert.h">
      <Filter>Header Files</Filter>
    </ClInclude>
    <ClInclude Include="external\sdl2\include\SDL_atomic.h">
      <Filter>Header Files</Filter>
    </ClInclude>
    <ClInclude Include="external\sdl2\include\SDL_audio.h">
      <Filter>Header Files</Filter>
    </ClInclude>
    <ClInclude Include="external\sdl2\include\SDL_bits.h">
      <Filter>Header Files</Filter>
    </ClInclude>
    <ClInclude Include="external\sdl2\include\SDL_blendmode.h">
      <Filter>Header Files</Filter>
    </ClInclude>
    <ClInclude Include="external\sdl2\include\SDL_clipboard.h">
      <Filter>Header Files</Filter>
    </ClInclude>
    <ClInclude Include="external\sdl2\include\SDL_config.h">
      <Filter>Header Files</Filter>
    </ClInclude>
    <ClInclude Include="external\sdl2\include\SDL_config_android.h">
      <Filter>Header Files</Filter>
    </ClInclude>
    <ClInclude Include="external\sdl2\include\SDL_config_iphoneos.h">
      <Filter>Header Files</Filter>
    </ClInclude>
    <ClInclude Include="external\sdl2\include\SDL_config_macosx.h">
      <Filter>Header Files</Filter>
    </ClInclude>
    <ClInclude Include="external\sdl2\include\SDL_config_minimal.h">
      <Filter>Header Files</Filter>
    </ClInclude>
    <ClInclude Include="external\sdl2\include\SDL_config_pandora.h">
      <Filter>Header Files</Filter>
    </ClInclude>
    <ClInclude Include="external\sdl2\include\SDL_config_psp.h">
      <Filter>Header Files</Filter>
    </ClInclude>
    <ClInclude Include="external\sdl2\include\SDL_config_windows.h">
      <Filter>Header Files</Filter>
    </ClInclude>
    <ClInclude Include="external\sdl2\include\SDL_config_winrt.h">
      <Filter>Header Files</Filter>
    </ClInclude>
    <ClInclude Include="external\sdl2\include\SDL_config_wiz.h">
      <Filter>Header Files</Filter>
    </ClInclude>
    <ClInclude Include="external\sdl2\include\SDL_copying.h">
      <Filter>Header Files</Filter>
    </ClInclude>
    <ClInclude Include="external\sdl2\include\SDL_cpuinfo.h">
      <Filter>Header Files</Filter>
    </ClInclude>
    <ClInclude Include="external\sdl2\include\SDL_egl.h">
      <Filter>Header Files</Filter>
    </ClInclude>
    <ClInclude Include="external\sdl2\include\SDL_endian.h">
      <Filter>Header Files</Filter>
    </ClInclude>
    <ClInclude Include="external\sdl2\include\SDL_error.h">
      <Filter>Header Files</Filter>
    </ClInclude>
    <ClInclude Include="external\sdl2\include\SDL_events.h">
      <Filter>Header Files</Filter>
    </ClInclude>
    <ClInclude Include="external\sdl2\include\SDL_filesystem.h">
      <Filter>Header Files</Filter>
    </ClInclude>
    <ClInclude Include="external\sdl2\include\SDL_gamecontroller.h">
      <Filter>Header Files</Filter>
    </ClInclude>
    <ClInclude Include="external\sdl2\include\SDL_gesture.h">
      <Filter>Header Files</Filter>
    </ClInclude>
    <ClInclude Include="external\sdl2\include\SDL_haptic.h">
      <Filter>Header Files</Filter>
    </ClInclude>
    <ClInclude Include="external\sdl2\include\SDL_hints.h">
      <Filter>Header Files</Filter>
    </ClInclude>
    <ClInclude Include="external\sdl2\include\SDL_joystick.h">
      <Filter>Header Files</Filter>
    </ClInclude>
    <ClInclude Include="external\sdl2\include\SDL_keyboard.h">
      <Filter>Header Files</Filter>
    </ClInclude>
    <ClInclude Include="external\sdl2\include\SDL_keycode.h">
      <Filter>Header Files</Filter>
    </ClInclude>
    <ClInclude Include="external\sdl2\include\SDL_loadso.h">
      <Filter>Header Files</Filter>
    </ClInclude>
    <ClInclude Include="external\sdl2\include\SDL_log.h">
      <Filter>Header Files</Filter>
    </ClInclude>
    <ClInclude Include="external\sdl2\include\SDL_main.h">
      <Filter>Header Files</Filter>
    </ClInclude>
    <ClInclude Include="external\sdl2\include\SDL_messagebox.h">
      <Filter>Header Files</Filter>
    </ClInclude>
    <ClInclude Include="external\sdl2\include\SDL_mouse.h">
      <Filter>Header Files</Filter>
    </ClInclude>
    <ClInclude Include="external\sdl2\include\SDL_mutex.h">
      <Filter>Header Files</Filter>
    </ClInclude>
    <ClInclude Include="external\sdl2\include\SDL_name.h">
      <Filter>Header Files</Filter>
    </ClInclude>
    <ClInclude Include="external\sdl2\include\SDL_opengl.h">
      <Filter>Header Files</Filter>
    </ClInclude>
    <ClInclude Include="external\sdl2\include\SDL_opengles.h">
      <Filter>Header Files</Filter>
    </ClInclude>
    <ClInclude Include="external\sdl2\include\SDL_opengles2.h">
      <Filter>Header Files</Filter>
    </ClInclude>
    <ClInclude Include="external\sdl2\include\SDL_opengles2_gl2.h">
      <Filter>Header Files</Filter>
    </ClInclude>
    <ClInclude Include="external\sdl2\include\SDL_opengles2_gl2ext.h">
      <Filter>Header Files</Filter>
    </ClInclude>
    <ClInclude Include="external\sdl2\include\SDL_opengles2_gl2platform.h">
      <Filter>Header Files</Filter>
    </ClInclude>
    <ClInclude Include="external\sdl2\include\SDL_opengles2_khrplatform.h">
      <Filter>Header Files</Filter>
    </ClInclude>
    <ClInclude Include="external\sdl2\include\SDL_opengl_glext.h">
      <Filter>Header Files</Filter>
    </ClInclude>
    <ClInclude Include="external\sdl2\include\SDL_pixels.h">
      <Filter>Header Files</Filter>
    </ClInclude>
    <ClInclude Include="external\sdl2\include\SDL_platform.h">
      <Filter>Header Files</Filter>
    </ClInclude>
    <ClInclude Include="external\sdl2\include\SDL_power.h">
      <Filter>Header Files</Filter>
    </ClInclude>
    <ClInclude Include="external\sdl2\include\SDL_quit.h">
      <Filter>Header Files</Filter>
    </ClInclude>
    <ClInclude Include="external\sdl2\include\SDL_rect.h">
      <Filter>Header Files</Filter>
    </ClInclude>
    <ClInclude Include="external\sdl2\include\SDL_render.h">
      <Filter>Header Files</Filter>
    </ClInclude>
    <ClInclude Include="external\sdl2\include\SDL_revision.h">
      <Filter>Header Files</Filter>
    </ClInclude>
    <ClInclude Include="external\sdl2\include\SDL_rwops.h">
      <Filter>Header Files</Filter>
    </ClInclude>
    <ClInclude Include="external\sdl2\include\SDL_scancode.h">
      <Filter>Header Files</Filter>
    </ClInclude>
    <ClInclude Include="external\sdl2\include\SDL_sensor.h">
      <Filter>Header Files</Filter>
    </ClInclude>
    <ClInclude Include="external\sdl2\include\SDL_shape.h">
      <Filter>Header Files</Filter>
    </ClInclude>
    <ClInclude Include="external\sdl2\include\SDL_stdinc.h">
      <Filter>Header Files</Filter>
    </ClInclude>
    <ClInclude Include="external\sdl2\include\SDL_surface.h">
      <Filter>Header Files</Filter>
    </ClInclude>
    <ClInclude Include="external\sdl2\include\SDL_system.h">
      <Filter>Header Files</Filter>
    </ClInclude>
    <ClInclude Include="external\sdl2\include\SDL_syswm.h">
      <Filter>Header Files</Filter>
    </ClInclude>
    <ClInclude Include="external\sdl2\include\SDL_test.h">
      <Filter>Header Files</Filter>
    </ClInclude>
    <ClInclude Include="external\sdl2\include\SDL_test_assert.h">
      <Filter>Header Files</Filter>
    </ClInclude>
    <ClInclude Include="external\sdl2\include\SDL_test_common.h">
      <Filter>Header Files</Filter>
    </ClInclude>
    <ClInclude Include="external\sdl2\include\SDL_test_compare.h">
      <Filter>Header Files</Filter>
    </ClInclude>
    <ClInclude Include="external\sdl2\include\SDL_test_crc32.h">
      <Filter>Header Files</Filter>
    </ClInclude>
    <ClInclude Include="external\sdl2\include\SDL_test_font.h">
      <Filter>Header Files</Filter>
    </ClInclude>
    <ClInclude Include="external\sdl2\include\SDL_test_fuzzer.h">
      <Filter>Header Files</Filter>
    </ClInclude>
    <ClInclude Include="external\sdl2\include\SDL_test_harness.h">
      <Filter>Header Files</Filter>
    </ClInclude>
    <ClInclude Include="external\sdl2\include\SDL_test_images.h">
      <Filter>Header Files</Filter>
    </ClInclude>
    <ClInclude Include="external\sdl2\include\SDL_test_log.h">
      <Filter>Header Files</Filter>
    </ClInclude>
    <ClInclude Include="external\sdl2\include\SDL_test_md5.h">
      <Filter>Header Files</Filter>
    </ClInclude>
    <ClInclude Include="external\sdl2\include\SDL_test_memory.h">
      <Filter>Header Files</Filter>
    </ClInclude>
    <ClInclude Include="external\sdl2\include\SDL_test_random.h">
      <Filter>Header Files</Filter>
    </ClInclude>
    <ClInclude Include="external\sdl2\include\SDL_thread.h">
      <Filter>Header Files</Filter>
    </ClInclude>
    <ClInclude Include="external\sdl2\include\SDL_timer.h">
      <Filter>Header Files</Filter>
    </ClInclude>
    <ClInclude Include="external\sdl2\include\SDL_touch.h">
      <Filter>Header Files</Filter>
    </ClInclude>
    <ClInclude Include="external\sdl2\include\SDL_types.h">
      <Filter>Header Files</Filter>
    </ClInclude>
    <ClInclude Include="external\sdl2\include\SDL_version.h">
      <Filter>Header Files</Filter>
    </ClInclude>
    <ClInclude Include="external\sdl2\include\SDL_video.h">
      <Filter>Header Files</Filter>
    </ClInclude>
    <ClInclude Include="external\sdl2\include\SDL_vulkan.h">
      <Filter>Header Files</Filter>
    </ClInclude>
    <ClInclude Include="external\sdl_image\include\SDL_image.h">
      <Filter>Header Files</Filter>
    </ClInclude>
    <ClInclude Include="game\GardenScene.h">
      <Filter>Header Files</Filter>
    </ClInclude>
    <ClInclude Include="polyengine\Window.h">
      <Filter>Header Files</Filter>
    </ClInclude>
    <ClInclude Include="polyengine\opengl\AbstractBuffer.h">
      <Filter>Header Files</Filter>
    </ClInclude>
    <ClInclude Include="polyengine\opengl\FrameBuffer.h">
      <Filter>Header Files</Filter>
    </ClInclude>
    <ClInclude Include="polyengine\opengl\GBuffer.h">
      <Filter>Header Files</Filter>
    </ClInclude>
    <ClInclude Include="polyengine\opengl\OpenGLObject.h">
      <Filter>Header Files</Filter>
    </ClInclude>
    <ClInclude Include="polyengine\opengl\OpenGLShadowCaster.h">
      <Filter>Header Files</Filter>
    </ClInclude>
    <ClInclude Include="polyengine\opengl\OpenGLTexture.h">
      <Filter>Header Files</Filter>
    </ClInclude>
    <ClInclude Include="polyengine\opengl\OpenGLVideoController.h">
      <Filter>Header Files</Filter>
    </ClInclude>
    <ClInclude Include="polyengine\opengl\PointShadowBuffer.h">
      <Filter>Header Files</Filter>
    </ClInclude>
    <ClInclude Include="polyengine\opengl\ShaderLoader.h">
      <Filter>Header Files</Filter>
    </ClInclude>
    <ClInclude Include="polyengine\opengl\ShaderProgram.h">
      <Filter>Header Files</Filter>
    </ClInclude>
    <ClInclude Include="polyengine\subsystem\AbstractLoader.h">
      <Filter>Header Files</Filter>
    </ClInclude>
    <ClInclude Include="polyengine\subsystem\AbstractScene.h">
      <Filter>Header Files</Filter>
    </ClInclude>
    <ClInclude Include="polyengine\subsystem\AbstractVideoController.h">
      <Filter>Header Files</Filter>
    </ClInclude>
    <ClInclude Include="polyengine\subsystem\AssetCache.h">
      <Filter>Header Files</Filter>
    </ClInclude>
    <ClInclude Include="polyengine\subsystem\FileLoader.h">
      <Filter>Header Files</Filter>
    </ClInclude>
    <ClInclude Include="polyengine\subsystem\Geometry.h">
      <Filter>Header Files</Filter>
    </ClInclude>
    <ClInclude Include="polyengine\subsystem\HeapList.h">
      <Filter>Header Files</Filter>
    </ClInclude>
    <ClInclude Include="polyengine\subsystem\InputSystem.h">
      <Filter>Header Files</Filter>
    </ClInclude>
    <ClInclude Include="polyengine\subsystem\Math.h">
      <Filter>Header Files</Filter>
    </ClInclude>
    <ClInclude Include="polyengine\subsystem\ObjLoader.h">
      <Filter>Header Files</Filter>
    </ClInclude>
    <ClInclude Include="polyengine\subsystem\RNG.h">
      <Filter>Header Files</Filter>
    </ClInclude>
    <ClInclude Include="polyengine\subsystem\Stage.h">
      <Filter>Header Files</Filter>
    </ClInclude>
    <ClInclude Include="polyengine\subsystem\Texture.h">
      <Filter>Header Files</Filter>
    </ClInclude>
    <ClInclude Include="game\Easing.h">
      <Filter>Header Files</Filter>
    </ClInclude>
    <ClInclude Include="polyengine\opengl\OpenGLDebugger.h">
      <Filter>Header Files</Filter>
    </ClInclude>
    <ClInclude Include="polyengine\opengl\OpenGLScreenQuad.h">
      <Filter>Header Files</Filter>
    </ClInclude>
    <ClInclude Include="polyengine\subsystem\entities\Camera.h">
      <Filter>Header Files</Filter>
    </ClInclude>
    <ClInclude Include="polyengine\subsystem\entities\Cube.h">
      <Filter>Header Files</Filter>
    </ClInclude>
    <ClInclude Include="polyengine\subsystem\entities\Entity.h">
      <Filter>Header Files</Filter>
    </ClInclude>
    <ClInclude Include="polyengine\subsystem\entities\Light.h">
      <Filter>Header Files</Filter>
    </ClInclude>
    <ClInclude Include="polyengine\subsystem\entities\Mesh.h">
      <Filter>Header Files</Filter>
    </ClInclude>
    <ClInclude Include="polyengine\subsystem\entities\Object.h">
      <Filter>Header Files</Filter>
    </ClInclude>
    <ClInclude Include="polyengine\subsystem\entities\Skybox.h">
      <Filter>Header Files</Filter>
    </ClInclude>
    <ClInclude Include="polyengine\subsystem\entities\Plane.h">
      <Filter>Header Files</Filter>
    </ClInclude>
    <ClInclude Include="polyengine\subsystem\AbstractGameController.h">
      <Filter>Header Files</Filter>
    </ClInclude>
    <ClInclude Include="polyengine\subsystem\Types.h">
      <Filter>Header Files</Filter>
    </ClInclude>
    <ClInclude Include="game\GameController.h">
      <Filter>Header Files</Filter>
    </ClInclude>
    <ClInclude Include="polyengine\subsystem\entities\Actor.h">
      <Filter>Header Files</Filter>
    </ClInclude>
    <ClInclude Include="polyengine\subsystem\traits\LifeCycle.h">
      <Filter>Header Files</Filter>
    </ClInclude>
    <ClInclude Include="game\actors\GrassField.h">
      <Filter>Header Files</Filter>
    </ClInclude>
    <ClInclude Include="game\HeightMap.h">
      <Filter>Header Files</Filter>
    </ClInclude>
    <ClInclude Include="game\actors\Background.h">
      <Filter>Header Files</Filter>
    </ClInclude>
    <ClInclude Include="game\actors\ProximalShadowLight.h">
      <Filter>Header Files</Filter>
    </ClInclude>
    <ClInclude Include="polyengine\subsystem\entities\Instance.h">
      <Filter>Header Files</Filter>
    </ClInclude>
    <ClInclude Include="polyengine\subsystem\entities\ReferenceMesh.h">
      <Filter>Header Files</Filter>
    </ClInclude>
    <ClInclude Include="game\actors\VisibleObjectFilter.h">
      <Filter>Header Files</Filter>
    </ClInclude>
    <ClInclude Include="polyengine\opengl\OpenGLIlluminator.h">
      <Filter>Header Files</Filter>
    </ClInclude>
    <ClInclude Include="polyengine\opengl\OpenGLLightingQuad.h">
      <Filter>Header Files</Filter>
    </ClInclude>
    <ClInclude Include="polyengine\opengl\OpenGLPreShader.h">
      <Filter>Header Files</Filter>
    </ClInclude>
    <ClInclude Include="game\actors\Wall.h">
      <Filter>Header Files</Filter>
    </ClInclude>
    <ClInclude Include="polyengine\opengl\AbstractOpenGLPostShader.h">
      <Filter>Header Files</Filter>
    </ClInclude>
    <ClInclude Include="polyengine\opengl\post-fx\AntiAliasingShader.h">
      <Filter>Header Files</Filter>
    </ClInclude>
    <ClInclude Include="polyengine\opengl\post-fx\ChromaticAberrationShader.h">
      <Filter>Header Files</Filter>
    </ClInclude>
    <ClInclude Include="polyengine\opengl\post-fx\DofShader.h">
      <Filter>Header Files</Filter>
    </ClInclude>
    <ClInclude Include="polyengine\opengl\OpenGLPostShaderPipeline.h">
      <Filter>Header Files</Filter>
    </ClInclude>
    <ClInclude Include="polyengine\opengl\ShadowBuffer.h">
      <Filter>Header Files</Filter>
    </ClInclude>
    <ClInclude Include="polyengine\opengl\post-fx\BloomShader.h">
      <Filter>Header Files</Filter>
    </ClInclude>
    <ClInclude Include="game\actors\Boundary.h">
      <Filter>Header Files</Filter>
    </ClInclude>
    <ClInclude Include="polyengine\subsystem\traits\Orientable.h">
      <Filter>Header Files</Filter>
    </ClInclude>
    <ClInclude Include="polyengine\subsystem\traits\Positionable.h">
      <Filter>Header Files</Filter>
    </ClInclude>
    <ClInclude Include="polyengine\subsystem\traits\Scalable.h">
      <Filter>Header Files</Filter>
    </ClInclude>
    <ClInclude Include="polyengine\subsystem\traits\Transformable.h">
      <Filter>Header Files</Filter>
    </ClInclude>
    <ClInclude Include="polyengine\subsystem\PerformanceProfiler.h">
      <Filter>Header Files</Filter>
    </ClInclude>
  </ItemGroup>
</Project>